// !$*UTF8*$!
{
	archiveVersion = 1;
	classes = {
	};
	objectVersion = 48;
	objects = {

/* Begin PBXBuildFile section */
		18049D3E1FDBCE4200873082 /* AppDelegate.swift in Sources */ = {isa = PBXBuildFile; fileRef = 18049D3D1FDBCE4200873082 /* AppDelegate.swift */; };
		18049D401FDBCE4200873082 /* ViewController.swift in Sources */ = {isa = PBXBuildFile; fileRef = 18049D3F1FDBCE4200873082 /* ViewController.swift */; };
		18049D431FDBCE4200873082 /* Main.storyboard in Resources */ = {isa = PBXBuildFile; fileRef = 18049D411FDBCE4200873082 /* Main.storyboard */; };
		18049D451FDBCE4200873082 /* Assets.xcassets in Resources */ = {isa = PBXBuildFile; fileRef = 18049D441FDBCE4200873082 /* Assets.xcassets */; };
		18049D481FDBCE4200873082 /* LaunchScreen.storyboard in Resources */ = {isa = PBXBuildFile; fileRef = 18049D461FDBCE4200873082 /* LaunchScreen.storyboard */; };
		187937421FDBD38600042CC9 /* Screen Shot 2560-12-09 at 9.00.14 AM.png in Resources */ = {isa = PBXBuildFile; fileRef = 187937411FDBD38600042CC9 /* Screen Shot 2560-12-09 at 9.00.14 AM.png */; };
		187937441FDBD46000042CC9 /* 5TH3umDkIyXN21eEKQ4OZ9Q34Snsf4RVcT7xiyyLtP838dU4B1xxlGm6DO9c9UFO.jpg in Resources */ = {isa = PBXBuildFile; fileRef = 187937431FDBD46000042CC9 /* 5TH3umDkIyXN21eEKQ4OZ9Q34Snsf4RVcT7xiyyLtP838dU4B1xxlGm6DO9c9UFO.jpg */; };
		187937461FDBD5A800042CC9 /* 17241-200.png in Resources */ = {isa = PBXBuildFile; fileRef = 187937451FDBD5A700042CC9 /* 17241-200.png */; };
		187937481FDBD5B700042CC9 /* password.png in Resources */ = {isa = PBXBuildFile; fileRef = 187937471FDBD5B600042CC9 /* password.png */; };
		1879374A1FDBD60D00042CC9 /* 708077-200.png in Resources */ = {isa = PBXBuildFile; fileRef = 187937491FDBD60D00042CC9 /* 708077-200.png */; };
/* End PBXBuildFile section */

/* Begin PBXFileReference section */
		18049D3A1FDBCE4200873082 /* Easy Authen.app */ = {isa = PBXFileReference; explicitFileType = wrapper.application; includeInIndex = 0; path = "Easy Authen.app"; sourceTree = BUILT_PRODUCTS_DIR; };
		18049D3D1FDBCE4200873082 /* AppDelegate.swift */ = {isa = PBXFileReference; lastKnownFileType = sourcecode.swift; path = AppDelegate.swift; sourceTree = "<group>"; };
		18049D3F1FDBCE4200873082 /* ViewController.swift */ = {isa = PBXFileReference; lastKnownFileType = sourcecode.swift; path = ViewController.swift; sourceTree = "<group>"; };
		18049D421FDBCE4200873082 /* Base */ = {isa = PBXFileReference; lastKnownFileType = file.storyboard; name = Base; path = Base.lproj/Main.storyboard; sourceTree = "<group>"; };
		18049D441FDBCE4200873082 /* Assets.xcassets */ = {isa = PBXFileReference; lastKnownFileType = folder.assetcatalog; path = Assets.xcassets; sourceTree = "<group>"; };
		18049D471FDBCE4200873082 /* Base */ = {isa = PBXFileReference; lastKnownFileType = file.storyboard; name = Base; path = Base.lproj/LaunchScreen.storyboard; sourceTree = "<group>"; };
		18049D491FDBCE4200873082 /* Info.plist */ = {isa = PBXFileReference; lastKnownFileType = text.plist.xml; path = Info.plist; sourceTree = "<group>"; };
		187937411FDBD38600042CC9 /* Screen Shot 2560-12-09 at 9.00.14 AM.png */ = {isa = PBXFileReference; lastKnownFileType = image.png; path = "Screen Shot 2560-12-09 at 9.00.14 AM.png"; sourceTree = "<group>"; };
		187937431FDBD46000042CC9 /* 5TH3umDkIyXN21eEKQ4OZ9Q34Snsf4RVcT7xiyyLtP838dU4B1xxlGm6DO9c9UFO.jpg */ = {isa = PBXFileReference; lastKnownFileType = image.jpeg; path = 5TH3umDkIyXN21eEKQ4OZ9Q34Snsf4RVcT7xiyyLtP838dU4B1xxlGm6DO9c9UFO.jpg; sourceTree = "<group>"; };
		187937451FDBD5A700042CC9 /* 17241-200.png */ = {isa = PBXFileReference; lastKnownFileType = image.png; path = "17241-200.png"; sourceTree = "<group>"; };
		187937471FDBD5B600042CC9 /* password.png */ = {isa = PBXFileReference; lastKnownFileType = image.png; path = password.png; sourceTree = "<group>"; };
		187937491FDBD60D00042CC9 /* 708077-200.png */ = {isa = PBXFileReference; lastKnownFileType = image.png; path = "708077-200.png"; sourceTree = "<group>"; };
/* End PBXFileReference section */

/* Begin PBXFrameworksBuildPhase section */
		18049D371FDBCE4200873082 /* Frameworks */ = {
			isa = PBXFrameworksBuildPhase;
			buildActionMask = 2147483647;
			files = (
			);
			runOnlyForDeploymentPostprocessing = 0;
		};
/* End PBXFrameworksBuildPhase section */

/* Begin PBXGroup section */
		18049D311FDBCE4200873082 = {
			isa = PBXGroup;
			children = (
				18049D3C1FDBCE4200873082 /* Easy Authen */,
				18049D3B1FDBCE4200873082 /* Products */,
			);
			sourceTree = "<group>";
		};
		18049D3B1FDBCE4200873082 /* Products */ = {
			isa = PBXGroup;
			children = (
				18049D3A1FDBCE4200873082 /* Easy Authen.app */,
			);
			name = Products;
			sourceTree = "<group>";
		};
		18049D3C1FDBCE4200873082 /* Easy Authen */ = {
			isa = PBXGroup;
			children = (
				18049D3D1FDBCE4200873082 /* AppDelegate.swift */,
				18049D3F1FDBCE4200873082 /* ViewController.swift */,
				18049D411FDBCE4200873082 /* Main.storyboard */,
				18049D441FDBCE4200873082 /* Assets.xcassets */,
				187937491FDBD60D00042CC9 /* 708077-200.png */,
				187937471FDBD5B600042CC9 /* password.png */,
				187937451FDBD5A700042CC9 /* 17241-200.png */,
				187937431FDBD46000042CC9 /* 5TH3umDkIyXN21eEKQ4OZ9Q34Snsf4RVcT7xiyyLtP838dU4B1xxlGm6DO9c9UFO.jpg */,
				187937411FDBD38600042CC9 /* Screen Shot 2560-12-09 at 9.00.14 AM.png */,
				18049D461FDBCE4200873082 /* LaunchScreen.storyboard */,
				18049D491FDBCE4200873082 /* Info.plist */,
			);
			path = "Easy Authen";
			sourceTree = "<group>";
		};
/* End PBXGroup section */

/* Begin PBXNativeTarget section */
		18049D391FDBCE4200873082 /* Easy Authen */ = {
			isa = PBXNativeTarget;
			buildConfigurationList = 18049D4C1FDBCE4200873082 /* Build configuration list for PBXNativeTarget "Easy Authen" */;
			buildPhases = (
				18049D361FDBCE4200873082 /* Sources */,
				18049D371FDBCE4200873082 /* Frameworks */,
				18049D381FDBCE4200873082 /* Resources */,
			);
			buildRules = (
			);
			dependencies = (
			);
			name = "Easy Authen";
			productName = "Easy Authen";
			productReference = 18049D3A1FDBCE4200873082 /* Easy Authen.app */;
			productType = "com.apple.product-type.application";
		};
/* End PBXNativeTarget section */

/* Begin PBXProject section */
		18049D321FDBCE4200873082 /* Project object */ = {
			isa = PBXProject;
			attributes = {
				LastSwiftUpdateCheck = 0910;
				LastUpgradeCheck = 0910;
				ORGANIZATIONNAME = Boss;
				TargetAttributes = {
					18049D391FDBCE4200873082 = {
						CreatedOnToolsVersion = 9.1;
						ProvisioningStyle = Automatic;
					};
				};
			};
			buildConfigurationList = 18049D351FDBCE4200873082 /* Build configuration list for PBXProject "Easy Authen" */;
			compatibilityVersion = "Xcode 8.0";
			developmentRegion = en;
			hasScannedForEncodings = 0;
			knownRegions = (
				en,
				Base,
			);
			mainGroup = 18049D311FDBCE4200873082;
			productRefGroup = 18049D3B1FDBCE4200873082 /* Products */;
			projectDirPath = "";
			projectRoot = "";
			targets = (
				18049D391FDBCE4200873082 /* Easy Authen */,
			);
		};
/* End PBXProject section */

/* Begin PBXResourcesBuildPhase section */
		18049D381FDBCE4200873082 /* Resources */ = {
			isa = PBXResourcesBuildPhase;
			buildActionMask = 2147483647;
			files = (
				187937481FDBD5B700042CC9 /* password.png in Resources */,
				18049D481FDBCE4200873082 /* LaunchScreen.storyboard in Resources */,
				187937421FDBD38600042CC9 /* Screen Shot 2560-12-09 at 9.00.14 AM.png in Resources */,
				18049D451FDBCE4200873082 /* Assets.xcassets in Resources */,
				187937441FDBD46000042CC9 /* 5TH3umDkIyXN21eEKQ4OZ9Q34Snsf4RVcT7xiyyLtP838dU4B1xxlGm6DO9c9UFO.jpg in Resources */,
				1879374A1FDBD60D00042CC9 /* 708077-200.png in Resources */,
				187937461FDBD5A800042CC9 /* 17241-200.png in Resources */,
				18049D431FDBCE4200873082 /* Main.storyboard in Resources */,
			);
			runOnlyForDeploymentPostprocessing = 0;
		};
/* End PBXResourcesBuildPhase section */

/* Begin PBXSourcesBuildPhase section */
		18049D361FDBCE4200873082 /* Sources */ = {
			isa = PBXSourcesBuildPhase;
			buildActionMask = 2147483647;
			files = (
				18049D401FDBCE4200873082 /* ViewController.swift in Sources */,
				18049D3E1FDBCE4200873082 /* AppDelegate.swift in Sources */,
			);
			runOnlyForDeploymentPostprocessing = 0;
		};
/* End PBXSourcesBuildPhase section */

/* Begin PBXVariantGroup section */
		18049D411FDBCE4200873082 /* Main.storyboard */ = {
			isa = PBXVariantGroup;
			children = (
				18049D421FDBCE4200873082 /* Base */,
			);
			name = Main.storyboard;
			sourceTree = "<group>";
		};
		18049D461FDBCE4200873082 /* LaunchScreen.storyboard */ = {
			isa = PBXVariantGroup;
			children = (
				18049D471FDBCE4200873082 /* Base */,
			);
			name = LaunchScreen.storyboard;
			sourceTree = "<group>";
		};
/* End PBXVariantGroup section */

/* Begin XCBuildConfiguration section */
		18049D4A1FDBCE4200873082 /* Debug */ = {
			isa = XCBuildConfiguration;
			buildSettings = {
				ALWAYS_SEARCH_USER_PATHS = NO;
				CLANG_ANALYZER_NONNULL = YES;
				CLANG_ANALYZER_NUMBER_OBJECT_CONVERSION = YES_AGGRESSIVE;
				CLANG_CXX_LANGUAGE_STANDARD = "gnu++14";
				CLANG_CXX_LIBRARY = "libc++";
				CLANG_ENABLE_MODULES = YES;
				CLANG_ENABLE_OBJC_ARC = YES;
				CLANG_WARN_BLOCK_CAPTURE_AUTORELEASING = YES;
				CLANG_WARN_BOOL_CONVERSION = YES;
				CLANG_WARN_COMMA = YES;
				CLANG_WARN_CONSTANT_CONVERSION = YES;
				CLANG_WARN_DIRECT_OBJC_ISA_USAGE = YES_ERROR;
				CLANG_WARN_DOCUMENTATION_COMMENTS = YES;
				CLANG_WARN_EMPTY_BODY = YES;
				CLANG_WARN_ENUM_CONVERSION = YES;
				CLANG_WARN_INFINITE_RECURSION = YES;
				CLANG_WARN_INT_CONVERSION = YES;
				CLANG_WARN_NON_LITERAL_NULL_CONVERSION = YES;
				CLANG_WARN_OBJC_LITERAL_CONVERSION = YES;
				CLANG_WARN_OBJC_ROOT_CLASS = YES_ERROR;
				CLANG_WARN_RANGE_LOOP_ANALYSIS = YES;
				CLANG_WARN_STRICT_PROTOTYPES = YES;
				CLANG_WARN_SUSPICIOUS_MOVE = YES;
				CLANG_WARN_UNGUARDED_AVAILABILITY = YES_AGGRESSIVE;
				CLANG_WARN_UNREACHABLE_CODE = YES;
				CLANG_WARN__DUPLICATE_METHOD_MATCH = YES;
				CODE_SIGN_IDENTITY = "iPhone Developer";
				COPY_PHASE_STRIP = NO;
				DEBUG_INFORMATION_FORMAT = dwarf;
				ENABLE_STRICT_OBJC_MSGSEND = YES;
				ENABLE_TESTABILITY = YES;
				GCC_C_LANGUAGE_STANDARD = gnu11;
				GCC_DYNAMIC_NO_PIC = NO;
				GCC_NO_COMMON_BLOCKS = YES;
				GCC_OPTIMIZATION_LEVEL = 0;
				GCC_PREPROCESSOR_DEFINITIONS = (
					"DEBUG=1",
					"$(inherited)",
				);
				GCC_WARN_64_TO_32_BIT_CONVERSION = YES;
				GCC_WARN_ABOUT_RETURN_TYPE = YES_ERROR;
				GCC_WARN_UNDECLARED_SELECTOR = YES;
				GCC_WARN_UNINITIALIZED_AUTOS = YES_AGGRESSIVE;
				GCC_WARN_UNUSED_FUNCTION = YES;
				GCC_WARN_UNUSED_VARIABLE = YES;
				IPHONEOS_DEPLOYMENT_TARGET = 11.1;
				MTL_ENABLE_DEBUG_INFO = YES;
				ONLY_ACTIVE_ARCH = YES;
				SDKROOT = iphoneos;
				SWIFT_ACTIVE_COMPILATION_CONDITIONS = DEBUG;
				SWIFT_OPTIMIZATION_LEVEL = "-Onone";
			};
			name = Debug;
		};
		18049D4B1FDBCE4200873082 /* Release */ = {
			isa = XCBuildConfiguration;
			buildSettings = {
				ALWAYS_SEARCH_USER_PATHS = NO;
				CLANG_ANALYZER_NONNULL = YES;
				CLANG_ANALYZER_NUMBER_OBJECT_CONVERSION = YES_AGGRESSIVE;
				CLANG_CXX_LANGUAGE_STANDARD = "gnu++14";
				CLANG_CXX_LIBRARY = "libc++";
				CLANG_ENABLE_MODULES = YES;
				CLANG_ENABLE_OBJC_ARC = YES;
				CLANG_WARN_BLOCK_CAPTURE_AUTORELEASING = YES;
				CLANG_WARN_BOOL_CONVERSION = YES;
				CLANG_WARN_COMMA = YES;
				CLANG_WARN_CONSTANT_CONVERSION = YES;
				CLANG_WARN_DIRECT_OBJC_ISA_USAGE = YES_ERROR;
				CLANG_WARN_DOCUMENTATION_COMMENTS = YES;
				CLANG_WARN_EMPTY_BODY = YES;
				CLANG_WARN_ENUM_CONVERSION = YES;
				CLANG_WARN_INFINITE_RECURSION = YES;
				CLANG_WARN_INT_CONVERSION = YES;
				CLANG_WARN_NON_LITERAL_NULL_CONVERSION = YES;
				CLANG_WARN_OBJC_LITERAL_CONVERSION = YES;
				CLANG_WARN_OBJC_ROOT_CLASS = YES_ERROR;
				CLANG_WARN_RANGE_LOOP_ANALYSIS = YES;
				CLANG_WARN_STRICT_PROTOTYPES = YES;
				CLANG_WARN_SUSPICIOUS_MOVE = YES;
				CLANG_WARN_UNGUARDED_AVAILABILITY = YES_AGGRESSIVE;
				CLANG_WARN_UNREACHABLE_CODE = YES;
				CLANG_WARN__DUPLICATE_METHOD_MATCH = YES;
				CODE_SIGN_IDENTITY = "iPhone Developer";
				COPY_PHASE_STRIP = NO;
				DEBUG_INFORMATION_FORMAT = "dwarf-with-dsym";
				ENABLE_NS_ASSERTIONS = NO;
				ENABLE_STRICT_OBJC_MSGSEND = YES;
				GCC_C_LANGUAGE_STANDARD = gnu11;
				GCC_NO_COMMON_BLOCKS = YES;
				GCC_WARN_64_TO_32_BIT_CONVERSION = YES;
				GCC_WARN_ABOUT_RETURN_TYPE = YES_ERROR;
				GCC_WARN_UNDECLARED_SELECTOR = YES;
				GCC_WARN_UNINITIALIZED_AUTOS = YES_AGGRESSIVE;
				GCC_WARN_UNUSED_FUNCTION = YES;
				GCC_WARN_UNUSED_VARIABLE = YES;
				IPHONEOS_DEPLOYMENT_TARGET = 11.1;
				MTL_ENABLE_DEBUG_INFO = NO;
				SDKROOT = iphoneos;
				SWIFT_OPTIMIZATION_LEVEL = "-Owholemodule";
				VALIDATE_PRODUCT = YES;
			};
			name = Release;
		};
		18049D4D1FDBCE4200873082 /* Debug */ = {
			isa = XCBuildConfiguration;
			buildSettings = {
				ASSETCATALOG_COMPILER_APPICON_NAME = AppIcon;
				CODE_SIGN_STYLE = Automatic;
				INFOPLIST_FILE = "Easy Authen/Info.plist";
				LD_RUNPATH_SEARCH_PATHS = "$(inherited) @executable_path/Frameworks";
				PRODUCT_BUNDLE_IDENTIFIER = "com.tphitakgul.Easy-Authen";
				PRODUCT_NAME = "$(TARGET_NAME)";
				SWIFT_VERSION = 4.0;
				TARGETED_DEVICE_FAMILY = "1,2";
			};
			name = Debug;
		};
		18049D4E1FDBCE4200873082 /* Release */ = {
			isa = XCBuildConfiguration;
			buildSettings = {
				ASSETCATALOG_COMPILER_APPICON_NAME = AppIcon;
				CODE_SIGN_STYLE = Automatic;
				INFOPLIST_FILE = "Easy Authen/Info.plist";
				LD_RUNPATH_SEARCH_PATHS = "$(inherited) @executable_path/Frameworks";
				PRODUCT_BUNDLE_IDENTIFIER = "com.tphitakgul.Easy-Authen";
				PRODUCT_NAME = "$(TARGET_NAME)";
				SWIFT_VERSION = 4.0;
				TARGETED_DEVICE_FAMILY = "1,2";
			};
			name = Release;
		};
/* End XCBuildConfiguration section */

/* Begin XCConfigurationList section */
		18049D351FDBCE4200873082 /* Build configuration list for PBXProject "Easy Authen" */ = {
			isa = XCConfigurationList;
			buildConfigurations = (
				18049D4A1FDBCE4200873082 /* Debug */,
				18049D4B1FDBCE4200873082 /* Release */,
			);
			defaultConfigurationIsVisible = 0;
			defaultConfigurationName = Release;
		};
		18049D4C1FDBCE4200873082 /* Build configuration list for PBXNativeTarget "Easy Authen" */ = {
			isa = XCConfigurationList;
			buildConfigurations = (
				18049D4D1FDBCE4200873082 /* Debug */,
				18049D4E1FDBCE4200873082 /* Release */,
			);
			defaultConfigurationIsVisible = 0;
			defaultConfigurationName = Release;
		};
/* End XCConfigurationList section */
	};
	rootObject = 18049D321FDBCE4200873082 /* Project object */;
}
